
Microsoft Visual Studio Solution File, Format Version 12.00
# Visual Studio Version 17
VisualStudioVersion = 17.8.34330.188
MinimumVisualStudioVersion = 10.0.40219.1
Project("{FAE04EC0-301F-11D3-BF4B-00C04F79EFBC}") = "D8S.E0009", "D8S.E0009\D8S.E0009.csproj", "{ADE93F6E-B026-4E6A-9F50-1E7A04C73C90}"
EndProject
Project("{9A19103F-16F7-4668-BE54-9A1E7A4F7556}") = "D8S.E0009.F000", "D8S.E0009.F000/D8S.E0009.F000.csproj", "{2FF39480-23C1-417F-9141-5EC9EF63BC4C}"
EndProject
Project("{2150E333-8FDC-42A3-9474-1A3956D46DE8}") = "_Dependencies", "_Dependencies", "{7C34CC6E-0610-4A6F-80FD-250EC2EAB153}"
EndProject
Project("{9A19103F-16F7-4668-BE54-9A1E7A4F7556}") = "R5T.F0000", "../../../SafetyCone/R5T.F0000/source/R5T.F0000/R5T.F0000.csproj", "{EA71E6DF-AB14-4A7A-963F-F124BB8BA200}"
EndProject
Project("{9A19103F-16F7-4668-BE54-9A1E7A4F7556}") = "R5T.F0002", "../../../SafetyCone/R5T.F0002/source/R5T.F0002/R5T.F0002.csproj", "{008301AB-5ECF-44A0-96BE-E623EC1751F4}"
EndProject
Project("{9A19103F-16F7-4668-BE54-9A1E7A4F7556}") = "R5T.F0059", "../../../SafetyCone/R5T.F0059/source/R5T.F0059/R5T.F0059.csproj", "{C813CD85-18D5-4E78-A04B-E7595EB69A01}"
EndProject
Project("{9A19103F-16F7-4668-BE54-9A1E7A4F7556}") = "R5T.F0120", "../../../SafetyCone/R5T.F0120/source/R5T.F0120/R5T.F0120.csproj", "{6678462E-FAC5-4323-BB89-22680E090F58}"
EndProject
Project("{9A19103F-16F7-4668-BE54-9A1E7A4F7556}") = "R5T.F0124", "../../../SafetyCone/R5T.F0124/source/R5T.F0124/R5T.F0124.csproj", "{50D47A40-2DF1-42A6-8732-1677F20E874C}"
EndProject
Project("{9A19103F-16F7-4668-BE54-9A1E7A4F7556}") = "R5T.F0125", "../../../SafetyCone/R5T.F0125/source/R5T.F0125/R5T.F0125.csproj", "{F57373AE-2506-47CF-965A-C3F9D2A086B9}"
EndProject
Project("{9A19103F-16F7-4668-BE54-9A1E7A4F7556}") = "R5T.L0030.T000", "../../../SafetyCone/R5T.L0030/source/R5T.L0030.T000/R5T.L0030.T000.csproj", "{65E35379-0FEB-457E-ADAF-42F02C94A133}"
EndProject
Project("{9A19103F-16F7-4668-BE54-9A1E7A4F7556}") = "R5T.L0030", "../../../SafetyCone/R5T.L0030/source/R5T.L0030/R5T.L0030.csproj", "{5F6D5AED-8843-46B0-A322-F345C4D91E13}"
EndProject
Project("{9A19103F-16F7-4668-BE54-9A1E7A4F7556}") = "R5T.L0034", "../../../SafetyCone/R5T.L0034/source/R5T.L0034/R5T.L0034.csproj", "{BA0C5875-47AC-4688-82D0-CE5E44E09087}"
EndProject
Project("{9A19103F-16F7-4668-BE54-9A1E7A4F7556}") = "R5T.L0035", "../../../SafetyCone/R5T.L0035/source/R5T.L0035/R5T.L0035.csproj", "{570B8CFB-3713-4BA7-A38E-ADA577E2C85E}"
EndProject
Project("{9A19103F-16F7-4668-BE54-9A1E7A4F7556}") = "R5T.L0053", "../../../SafetyCone/R5T.L0053/source/R5T.L0053/R5T.L0053.csproj", "{502ED93C-55D3-4D84-BFCE-23AE80927FF6}"
EndProject
Project("{9A19103F-16F7-4668-BE54-9A1E7A4F7556}") = "R5T.L0056", "../../../SafetyCone/R5T.L0056/source/R5T.L0056/R5T.L0056.csproj", "{5765DEE2-35DA-4AB2-B88D-E33EF9403FA7}"
EndProject
Project("{9A19103F-16F7-4668-BE54-9A1E7A4F7556}") = "R5T.L0066", "../../../SafetyCone/R5T.L0066/source/R5T.L0066/R5T.L0066.csproj", "{AABAC083-29E6-4244-B4AA-59B5ABF60CC2}"
EndProject
Project("{9A19103F-16F7-4668-BE54-9A1E7A4F7556}") = "R5T.L0071", "../../../SafetyCone/R5T.L0071/source/R5T.L0071/R5T.L0071.csproj", "{87AE986B-5EFD-41E9-82BB-5E28E0669112}"
EndProject
Project("{9A19103F-16F7-4668-BE54-9A1E7A4F7556}") = "R5T.L0074", "../../../SafetyCone/R5T.L0074/source/R5T.L0074/R5T.L0074.csproj", "{29D368C3-103E-4353-92FB-55712E29FA39}"
EndProject
Project("{9A19103F-16F7-4668-BE54-9A1E7A4F7556}") = "R5T.NG0006", "../../../SafetyCone/R5T.NG0006/source/R5T.NG0006/R5T.NG0006.csproj", "{41CC4504-B38E-4805-8360-0217B27B91D0}"
EndProject
Project("{9A19103F-16F7-4668-BE54-9A1E7A4F7556}") = "R5T.NG0022", "../../../SafetyCone/R5T.NG0022/source/R5T.NG0022/R5T.NG0022.csproj", "{D95B808E-839A-42D8-9C52-15049EE4D595}"
EndProject
Project("{9A19103F-16F7-4668-BE54-9A1E7A4F7556}") = "R5T.T0131", "../../../SafetyCone/R5T.T0131/source/R5T.T0131/R5T.T0131.csproj", "{EB9041EA-A6D3-4BAE-A802-3951B8B619DE}"
EndProject
Project("{9A19103F-16F7-4668-BE54-9A1E7A4F7556}") = "R5T.T0132", "../../../SafetyCone/R5T.T0132/source/R5T.T0132/R5T.T0132.csproj", "{44B0C181-2BD2-46BC-A6FD-AF0479A4F9BF}"
EndProject
Project("{9A19103F-16F7-4668-BE54-9A1E7A4F7556}") = "R5T.T0142", "../../../SafetyCone/R5T.T0142/source/R5T.T0142/R5T.T0142.csproj", "{9DA24BC8-D975-4464-8BC9-D5E6482DF0F7}"
EndProject
Project("{9A19103F-16F7-4668-BE54-9A1E7A4F7556}") = "R5T.T0143", "../../../SafetyCone/R5T.T0143/source/R5T.T0143/R5T.T0143.csproj", "{1DA8A822-84A3-4558-A9EA-497A28A05691}"
EndProject
Project("{9A19103F-16F7-4668-BE54-9A1E7A4F7556}") = "R5T.T0150", "../../../SafetyCone/R5T.T0150/source/R5T.T0150/R5T.T0150.csproj", "{2919C89D-778D-453F-8E07-572BDD9F5659}"
EndProject
Project("{9A19103F-16F7-4668-BE54-9A1E7A4F7556}") = "R5T.T0151", "../../../SafetyCone/R5T.T0151/source/R5T.T0151/R5T.T0151.csproj", "{9778DD1C-0E1A-4362-95B3-B77814FDFDF2}"
EndProject
Project("{9A19103F-16F7-4668-BE54-9A1E7A4F7556}") = "R5T.T0156", "../../../SafetyCone/R5T.T0156/source/R5T.T0156/R5T.T0156.csproj", "{A792DE59-A61F-4FE3-8CE0-4328061C81E1}"
EndProject
Project("{9A19103F-16F7-4668-BE54-9A1E7A4F7556}") = "R5T.T0158", "../../../SafetyCone/R5T.T0158/source/R5T.T0158/R5T.T0158.csproj", "{D570C1B2-AEEA-44FD-A573-E739307C3875}"
EndProject
Project("{9A19103F-16F7-4668-BE54-9A1E7A4F7556}") = "R5T.T0159", "../../../SafetyCone/R5T.T0159/source/R5T.T0159/R5T.T0159.csproj", "{5368E104-EDAD-4D48-AE7E-7EF94D99D4D1}"
EndProject
Project("{9A19103F-16F7-4668-BE54-9A1E7A4F7556}") = "R5T.T0172", "../../../SafetyCone/R5T.T0172/source/R5T.T0172/R5T.T0172.csproj", "{2E068D28-DD9E-4998-B201-168E0350BE1E}"
EndProject
Project("{9A19103F-16F7-4668-BE54-9A1E7A4F7556}") = "R5T.T0174", "../../../SafetyCone/R5T.T0174/source/R5T.T0174/R5T.T0174.csproj", "{0C7E0AFE-1E5C-44FC-AB3F-15707E08EED7}"
EndProject
Project("{9A19103F-16F7-4668-BE54-9A1E7A4F7556}") = "R5T.T0176", "../../../SafetyCone/R5T.T0176/source/R5T.T0176/R5T.T0176.csproj", "{C7E00464-29FA-450A-9C8E-BD84D0984543}"
EndProject
Project("{9A19103F-16F7-4668-BE54-9A1E7A4F7556}") = "R5T.T0177", "../../../SafetyCone/R5T.T0177/source/R5T.T0177/R5T.T0177.csproj", "{844C0E9D-9543-4DC5-B70B-645C3B4202D7}"
EndProject
Project("{9A19103F-16F7-4668-BE54-9A1E7A4F7556}") = "R5T.T0178", "../../../SafetyCone/R5T.T0178/source/R5T.T0178/R5T.T0178.csproj", "{312787C2-95E2-486D-9F96-50CCA4A39E26}"
EndProject
Project("{9A19103F-16F7-4668-BE54-9A1E7A4F7556}") = "R5T.T0179", "../../../SafetyCone/R5T.T0179/source/R5T.T0179/R5T.T0179.csproj", "{614B3530-19A0-401A-B32A-78BB9FEC68C5}"
EndProject
Project("{9A19103F-16F7-4668-BE54-9A1E7A4F7556}") = "R5T.T0180", "../../../SafetyCone/R5T.T0180/source/R5T.T0180/R5T.T0180.csproj", "{038981B5-13E4-4F97-9340-F8126DE011C1}"
EndProject
Project("{9A19103F-16F7-4668-BE54-9A1E7A4F7556}") = "R5T.T0181", "../../../SafetyCone/R5T.T0181/source/R5T.T0181/R5T.T0181.csproj", "{BB4BEE14-81BB-407D-9113-F5EECB66C763}"
EndProject
Project("{9A19103F-16F7-4668-BE54-9A1E7A4F7556}") = "R5T.T0185", "../../../SafetyCone/R5T.T0185/source/R5T.T0185/R5T.T0185.csproj", "{47D748D6-00E0-4341-B147-0DA9D85646D2}"
EndProject
Project("{9A19103F-16F7-4668-BE54-9A1E7A4F7556}") = "R5T.T0199.T000", "../../../SafetyCone/R5T.T0199/source/R5T.T0199.T000/R5T.T0199.T000.csproj", "{2BB2AF4B-A104-4098-B76B-BC34BC306396}"
EndProject
Project("{9A19103F-16F7-4668-BE54-9A1E7A4F7556}") = "R5T.T0199.T001", "../../../SafetyCone/R5T.T0199/source/R5T.T0199.T001/R5T.T0199.T001.csproj", "{5A889E3A-FCB1-436A-90CA-5DD15FDF5AB3}"
EndProject
Project("{9A19103F-16F7-4668-BE54-9A1E7A4F7556}") = "R5T.T0199", "../../../SafetyCone/R5T.T0199/source/R5T.T0199/R5T.T0199.csproj", "{92A6282E-A9A3-455C-97E8-32D60FBB638A}"
EndProject
Project("{9A19103F-16F7-4668-BE54-9A1E7A4F7556}") = "R5T.T0203", "../../../SafetyCone/R5T.T0203/source/R5T.T0203/R5T.T0203.csproj", "{927F792C-7C1D-4A44-826A-E722F86392DE}"
EndProject
Project("{9A19103F-16F7-4668-BE54-9A1E7A4F7556}") = "R5T.T0213", "../../../SafetyCone/R5T.T0213/source/R5T.T0213/R5T.T0213.csproj", "{2DA0D8F9-AFF7-4908-88B9-96ED575C7366}"
EndProject
Project("{9A19103F-16F7-4668-BE54-9A1E7A4F7556}") = "R5T.T0218", "../../../SafetyCone/R5T.T0218/source/R5T.T0218/R5T.T0218.csproj", "{9A5B3AD2-D140-4277-AC99-5901E7357EE0}"
EndProject
Project("{9A19103F-16F7-4668-BE54-9A1E7A4F7556}") = "R5T.T0219", "../../../SafetyCone/R5T.T0219/source/R5T.T0219/R5T.T0219.csproj", "{6D211EB1-B115-4C22-B8C0-1F70A04C26F3}"
EndProject
Project("{9A19103F-16F7-4668-BE54-9A1E7A4F7556}") = "R5T.T0220", "../../../SafetyCone/R5T.T0220/source/R5T.T0220/R5T.T0220.csproj", "{599BF7D9-49CE-452C-BAA0-9C6D6F3D9ABC}"
EndProject
Project("{9A19103F-16F7-4668-BE54-9A1E7A4F7556}") = "R5T.T0221", "../../../SafetyCone/R5T.T0221/source/R5T.T0221/R5T.T0221.csproj", "{173DDE0E-40FC-4030-BFCF-0185B24E4471}"
EndProject
Project("{9A19103F-16F7-4668-BE54-9A1E7A4F7556}") = "R5T.T0227", "../../../SafetyCone/R5T.T0227/source/R5T.T0227/R5T.T0227.csproj", "{44DEFDC7-2EF9-4E9A-ABE1-FABA9397F5CF}"
EndProject
Project("{9A19103F-16F7-4668-BE54-9A1E7A4F7556}") = "R5T.Y0000", "../../../SafetyCone/R5T.Y0000/source/R5T.Y0000/R5T.Y0000.csproj", "{994577FC-1594-4C42-8A89-C104436BDDC7}"
EndProject
Project("{9A19103F-16F7-4668-BE54-9A1E7A4F7556}") = "R5T.Y0006", "../../../SafetyCone/R5T.Y0006/source/R5T.Y0006/R5T.Y0006.csproj", "{4EC0A763-56D7-4A91-9837-1B0B3AC6A505}"
EndProject
Project("{9A19103F-16F7-4668-BE54-9A1E7A4F7556}") = "R5T.Z0000", "../../../SafetyCone/R5T.Z0000/source/R5T.Z0000/R5T.Z0000.csproj", "{5096D813-EFE3-4822-90DF-E0D400F92CB9}"
EndProject
Project("{9A19103F-16F7-4668-BE54-9A1E7A4F7556}") = "R5T.Z0010.Platform", "../../../SafetyCone/R5T.Z0010/source/R5T.Z0010.Platform/R5T.Z0010.Platform.csproj", "{A9ED0FB0-3A51-46B5-AB9A-6148478F8636}"
EndProject
Project("{9A19103F-16F7-4668-BE54-9A1E7A4F7556}") = "R5T.Z0010", "../../../SafetyCone/R5T.Z0010/source/R5T.Z0010/R5T.Z0010.csproj", "{3752EBFB-FD51-43C2-BF40-FC869A413FBD}"
EndProject
Project("{9A19103F-16F7-4668-BE54-9A1E7A4F7556}") = "R5T.Z0057.Platform", "../../../SafetyCone/R5T.Z0057/source/R5T.Z0057.Platform/R5T.Z0057.Platform.csproj", "{9ED79882-95F8-4DD1-8FB7-784CE9A32D35}"
EndProject
Project("{9A19103F-16F7-4668-BE54-9A1E7A4F7556}") = "R5T.Z0057", "../../../SafetyCone/R5T.Z0057/source/R5T.Z0057/R5T.Z0057.csproj", "{AE213110-A9C1-49DC-852F-1C84FD292F4C}"
EndProject
Project("{9A19103F-16F7-4668-BE54-9A1E7A4F7556}") = "R5T.Z0058", "../../../SafetyCone/R5T.Z0058/source/R5T.Z0058/R5T.Z0058.csproj", "{9E4560CE-6B02-4E8A-930B-8C3BBA1E9E63}"
EndProject
Project("{9A19103F-16F7-4668-BE54-9A1E7A4F7556}") = "D8S.E0009.V000", "D8S.E0009.V000/D8S.E0009.V000.csproj", "{C70DA329-655C-4EEA-88DF-D2BDCD358757}"
EndProject
Project("{9A19103F-16F7-4668-BE54-9A1E7A4F7556}") = "R5T.NG0017", "..\..\..\SafetyCone\R5T.NG0017\source\R5T.NG0017\R5T.NG0017.csproj", "{0B75529B-57BA-480D-B506-A294D91AD206}"
EndProject
Global
	GlobalSection(NestedProjects) = preSolution
		{EA71E6DF-AB14-4A7A-963F-F124BB8BA200} = {7C34CC6E-0610-4A6F-80FD-250EC2EAB153}
		{008301AB-5ECF-44A0-96BE-E623EC1751F4} = {7C34CC6E-0610-4A6F-80FD-250EC2EAB153}
		{C813CD85-18D5-4E78-A04B-E7595EB69A01} = {7C34CC6E-0610-4A6F-80FD-250EC2EAB153}
		{6678462E-FAC5-4323-BB89-22680E090F58} = {7C34CC6E-0610-4A6F-80FD-250EC2EAB153}
		{50D47A40-2DF1-42A6-8732-1677F20E874C} = {7C34CC6E-0610-4A6F-80FD-250EC2EAB153}
		{F57373AE-2506-47CF-965A-C3F9D2A086B9} = {7C34CC6E-0610-4A6F-80FD-250EC2EAB153}
		{65E35379-0FEB-457E-ADAF-42F02C94A133} = {7C34CC6E-0610-4A6F-80FD-250EC2EAB153}
		{5F6D5AED-8843-46B0-A322-F345C4D91E13} = {7C34CC6E-0610-4A6F-80FD-250EC2EAB153}
		{BA0C5875-47AC-4688-82D0-CE5E44E09087} = {7C34CC6E-0610-4A6F-80FD-250EC2EAB153}
		{570B8CFB-3713-4BA7-A38E-ADA577E2C85E} = {7C34CC6E-0610-4A6F-80FD-250EC2EAB153}
		{502ED93C-55D3-4D84-BFCE-23AE80927FF6} = {7C34CC6E-0610-4A6F-80FD-250EC2EAB153}
		{5765DEE2-35DA-4AB2-B88D-E33EF9403FA7} = {7C34CC6E-0610-4A6F-80FD-250EC2EAB153}
		{AABAC083-29E6-4244-B4AA-59B5ABF60CC2} = {7C34CC6E-0610-4A6F-80FD-250EC2EAB153}
		{87AE986B-5EFD-41E9-82BB-5E28E0669112} = {7C34CC6E-0610-4A6F-80FD-250EC2EAB153}
		{29D368C3-103E-4353-92FB-55712E29FA39} = {7C34CC6E-0610-4A6F-80FD-250EC2EAB153}
		{41CC4504-B38E-4805-8360-0217B27B91D0} = {7C34CC6E-0610-4A6F-80FD-250EC2EAB153}
		{D95B808E-839A-42D8-9C52-15049EE4D595} = {7C34CC6E-0610-4A6F-80FD-250EC2EAB153}
		{EB9041EA-A6D3-4BAE-A802-3951B8B619DE} = {7C34CC6E-0610-4A6F-80FD-250EC2EAB153}
		{44B0C181-2BD2-46BC-A6FD-AF0479A4F9BF} = {7C34CC6E-0610-4A6F-80FD-250EC2EAB153}
		{9DA24BC8-D975-4464-8BC9-D5E6482DF0F7} = {7C34CC6E-0610-4A6F-80FD-250EC2EAB153}
		{1DA8A822-84A3-4558-A9EA-497A28A05691} = {7C34CC6E-0610-4A6F-80FD-250EC2EAB153}
		{2919C89D-778D-453F-8E07-572BDD9F5659} = {7C34CC6E-0610-4A6F-80FD-250EC2EAB153}
		{9778DD1C-0E1A-4362-95B3-B77814FDFDF2} = {7C34CC6E-0610-4A6F-80FD-250EC2EAB153}
		{A792DE59-A61F-4FE3-8CE0-4328061C81E1} = {7C34CC6E-0610-4A6F-80FD-250EC2EAB153}
		{D570C1B2-AEEA-44FD-A573-E739307C3875} = {7C34CC6E-0610-4A6F-80FD-250EC2EAB153}
		{5368E104-EDAD-4D48-AE7E-7EF94D99D4D1} = {7C34CC6E-0610-4A6F-80FD-250EC2EAB153}
		{2E068D28-DD9E-4998-B201-168E0350BE1E} = {7C34CC6E-0610-4A6F-80FD-250EC2EAB153}
		{0C7E0AFE-1E5C-44FC-AB3F-15707E08EED7} = {7C34CC6E-0610-4A6F-80FD-250EC2EAB153}
		{C7E00464-29FA-450A-9C8E-BD84D0984543} = {7C34CC6E-0610-4A6F-80FD-250EC2EAB153}
		{844C0E9D-9543-4DC5-B70B-645C3B4202D7} = {7C34CC6E-0610-4A6F-80FD-250EC2EAB153}
		{312787C2-95E2-486D-9F96-50CCA4A39E26} = {7C34CC6E-0610-4A6F-80FD-250EC2EAB153}
		{614B3530-19A0-401A-B32A-78BB9FEC68C5} = {7C34CC6E-0610-4A6F-80FD-250EC2EAB153}
		{038981B5-13E4-4F97-9340-F8126DE011C1} = {7C34CC6E-0610-4A6F-80FD-250EC2EAB153}
		{BB4BEE14-81BB-407D-9113-F5EECB66C763} = {7C34CC6E-0610-4A6F-80FD-250EC2EAB153}
		{47D748D6-00E0-4341-B147-0DA9D85646D2} = {7C34CC6E-0610-4A6F-80FD-250EC2EAB153}
		{2BB2AF4B-A104-4098-B76B-BC34BC306396} = {7C34CC6E-0610-4A6F-80FD-250EC2EAB153}
		{5A889E3A-FCB1-436A-90CA-5DD15FDF5AB3} = {7C34CC6E-0610-4A6F-80FD-250EC2EAB153}
		{92A6282E-A9A3-455C-97E8-32D60FBB638A} = {7C34CC6E-0610-4A6F-80FD-250EC2EAB153}
		{927F792C-7C1D-4A44-826A-E722F86392DE} = {7C34CC6E-0610-4A6F-80FD-250EC2EAB153}
		{2DA0D8F9-AFF7-4908-88B9-96ED575C7366} = {7C34CC6E-0610-4A6F-80FD-250EC2EAB153}
		{9A5B3AD2-D140-4277-AC99-5901E7357EE0} = {7C34CC6E-0610-4A6F-80FD-250EC2EAB153}
		{6D211EB1-B115-4C22-B8C0-1F70A04C26F3} = {7C34CC6E-0610-4A6F-80FD-250EC2EAB153}
		{599BF7D9-49CE-452C-BAA0-9C6D6F3D9ABC} = {7C34CC6E-0610-4A6F-80FD-250EC2EAB153}
		{173DDE0E-40FC-4030-BFCF-0185B24E4471} = {7C34CC6E-0610-4A6F-80FD-250EC2EAB153}
		{44DEFDC7-2EF9-4E9A-ABE1-FABA9397F5CF} = {7C34CC6E-0610-4A6F-80FD-250EC2EAB153}
		{994577FC-1594-4C42-8A89-C104436BDDC7} = {7C34CC6E-0610-4A6F-80FD-250EC2EAB153}
		{4EC0A763-56D7-4A91-9837-1B0B3AC6A505} = {7C34CC6E-0610-4A6F-80FD-250EC2EAB153}
		{5096D813-EFE3-4822-90DF-E0D400F92CB9} = {7C34CC6E-0610-4A6F-80FD-250EC2EAB153}
		{A9ED0FB0-3A51-46B5-AB9A-6148478F8636} = {7C34CC6E-0610-4A6F-80FD-250EC2EAB153}
		{3752EBFB-FD51-43C2-BF40-FC869A413FBD} = {7C34CC6E-0610-4A6F-80FD-250EC2EAB153}
		{9ED79882-95F8-4DD1-8FB7-784CE9A32D35} = {7C34CC6E-0610-4A6F-80FD-250EC2EAB153}
		{AE213110-A9C1-49DC-852F-1C84FD292F4C} = {7C34CC6E-0610-4A6F-80FD-250EC2EAB153}
		{9E4560CE-6B02-4E8A-930B-8C3BBA1E9E63} = {7C34CC6E-0610-4A6F-80FD-250EC2EAB153}
		{0B75529B-57BA-480D-B506-A294D91AD206} = {7C34CC6E-0610-4A6F-80FD-250EC2EAB153}
	EndGlobalSection
	GlobalSection(SolutionConfigurationPlatforms) = preSolution
		Debug|Any CPU = Debug|Any CPU
		Release|Any CPU = Release|Any CPU
	EndGlobalSection
	GlobalSection(ProjectConfigurationPlatforms) = postSolution
		{ADE93F6E-B026-4E6A-9F50-1E7A04C73C90}.Debug|Any CPU.ActiveCfg = Debug|Any CPU
		{ADE93F6E-B026-4E6A-9F50-1E7A04C73C90}.Debug|Any CPU.Build.0 = Debug|Any CPU
		{ADE93F6E-B026-4E6A-9F50-1E7A04C73C90}.Release|Any CPU.ActiveCfg = Release|Any CPU
		{ADE93F6E-B026-4E6A-9F50-1E7A04C73C90}.Release|Any CPU.Build.0 = Release|Any CPU
		{2FF39480-23C1-417F-9141-5EC9EF63BC4C}.Debug|Any CPU.ActiveCfg = Debug|Any CPU
		{2FF39480-23C1-417F-9141-5EC9EF63BC4C}.Debug|Any CPU.Build.0 = Debug|Any CPU
		{2FF39480-23C1-417F-9141-5EC9EF63BC4C}.Release|Any CPU.ActiveCfg = Release|Any CPU
		{2FF39480-23C1-417F-9141-5EC9EF63BC4C}.Release|Any CPU.Build.0 = Release|Any CPU
		{EA71E6DF-AB14-4A7A-963F-F124BB8BA200}.Debug|Any CPU.ActiveCfg = Debug|Any CPU
		{EA71E6DF-AB14-4A7A-963F-F124BB8BA200}.Debug|Any CPU.Build.0 = Debug|Any CPU
		{EA71E6DF-AB14-4A7A-963F-F124BB8BA200}.Release|Any CPU.ActiveCfg = Release|Any CPU
		{EA71E6DF-AB14-4A7A-963F-F124BB8BA200}.Release|Any CPU.Build.0 = Release|Any CPU
		{008301AB-5ECF-44A0-96BE-E623EC1751F4}.Debug|Any CPU.ActiveCfg = Debug|Any CPU
		{008301AB-5ECF-44A0-96BE-E623EC1751F4}.Debug|Any CPU.Build.0 = Debug|Any CPU
		{008301AB-5ECF-44A0-96BE-E623EC1751F4}.Release|Any CPU.ActiveCfg = Release|Any CPU
		{008301AB-5ECF-44A0-96BE-E623EC1751F4}.Release|Any CPU.Build.0 = Release|Any CPU
		{C813CD85-18D5-4E78-A04B-E7595EB69A01}.Debug|Any CPU.ActiveCfg = Debug|Any CPU
		{C813CD85-18D5-4E78-A04B-E7595EB69A01}.Debug|Any CPU.Build.0 = Debug|Any CPU
		{C813CD85-18D5-4E78-A04B-E7595EB69A01}.Release|Any CPU.ActiveCfg = Release|Any CPU
		{C813CD85-18D5-4E78-A04B-E7595EB69A01}.Release|Any CPU.Build.0 = Release|Any CPU
		{6678462E-FAC5-4323-BB89-22680E090F58}.Debug|Any CPU.ActiveCfg = Debug|Any CPU
		{6678462E-FAC5-4323-BB89-22680E090F58}.Debug|Any CPU.Build.0 = Debug|Any CPU
		{6678462E-FAC5-4323-BB89-22680E090F58}.Release|Any CPU.ActiveCfg = Release|Any CPU
		{6678462E-FAC5-4323-BB89-22680E090F58}.Release|Any CPU.Build.0 = Release|Any CPU
		{50D47A40-2DF1-42A6-8732-1677F20E874C}.Debug|Any CPU.ActiveCfg = Debug|Any CPU
		{50D47A40-2DF1-42A6-8732-1677F20E874C}.Debug|Any CPU.Build.0 = Debug|Any CPU
		{50D47A40-2DF1-42A6-8732-1677F20E874C}.Release|Any CPU.ActiveCfg = Release|Any CPU
		{50D47A40-2DF1-42A6-8732-1677F20E874C}.Release|Any CPU.Build.0 = Release|Any CPU
		{F57373AE-2506-47CF-965A-C3F9D2A086B9}.Debug|Any CPU.ActiveCfg = Debug|Any CPU
		{F57373AE-2506-47CF-965A-C3F9D2A086B9}.Debug|Any CPU.Build.0 = Debug|Any CPU
		{F57373AE-2506-47CF-965A-C3F9D2A086B9}.Release|Any CPU.ActiveCfg = Release|Any CPU
		{F57373AE-2506-47CF-965A-C3F9D2A086B9}.Release|Any CPU.Build.0 = Release|Any CPU
		{65E35379-0FEB-457E-ADAF-42F02C94A133}.Debug|Any CPU.ActiveCfg = Debug|Any CPU
		{65E35379-0FEB-457E-ADAF-42F02C94A133}.Debug|Any CPU.Build.0 = Debug|Any CPU
		{65E35379-0FEB-457E-ADAF-42F02C94A133}.Release|Any CPU.ActiveCfg = Release|Any CPU
		{65E35379-0FEB-457E-ADAF-42F02C94A133}.Release|Any CPU.Build.0 = Release|Any CPU
		{5F6D5AED-8843-46B0-A322-F345C4D91E13}.Debug|Any CPU.ActiveCfg = Debug|Any CPU
		{5F6D5AED-8843-46B0-A322-F345C4D91E13}.Debug|Any CPU.Build.0 = Debug|Any CPU
		{5F6D5AED-8843-46B0-A322-F345C4D91E13}.Release|Any CPU.ActiveCfg = Release|Any CPU
		{5F6D5AED-8843-46B0-A322-F345C4D91E13}.Release|Any CPU.Build.0 = Release|Any CPU
		{BA0C5875-47AC-4688-82D0-CE5E44E09087}.Debug|Any CPU.ActiveCfg = Debug|Any CPU
		{BA0C5875-47AC-4688-82D0-CE5E44E09087}.Debug|Any CPU.Build.0 = Debug|Any CPU
		{BA0C5875-47AC-4688-82D0-CE5E44E09087}.Release|Any CPU.ActiveCfg = Release|Any CPU
		{BA0C5875-47AC-4688-82D0-CE5E44E09087}.Release|Any CPU.Build.0 = Release|Any CPU
		{570B8CFB-3713-4BA7-A38E-ADA577E2C85E}.Debug|Any CPU.ActiveCfg = Debug|Any CPU
		{570B8CFB-3713-4BA7-A38E-ADA577E2C85E}.Debug|Any CPU.Build.0 = Debug|Any CPU
		{570B8CFB-3713-4BA7-A38E-ADA577E2C85E}.Release|Any CPU.ActiveCfg = Release|Any CPU
		{570B8CFB-3713-4BA7-A38E-ADA577E2C85E}.Release|Any CPU.Build.0 = Release|Any CPU
		{502ED93C-55D3-4D84-BFCE-23AE80927FF6}.Debug|Any CPU.ActiveCfg = Debug|Any CPU
		{502ED93C-55D3-4D84-BFCE-23AE80927FF6}.Debug|Any CPU.Build.0 = Debug|Any CPU
		{502ED93C-55D3-4D84-BFCE-23AE80927FF6}.Release|Any CPU.ActiveCfg = Release|Any CPU
		{502ED93C-55D3-4D84-BFCE-23AE80927FF6}.Release|Any CPU.Build.0 = Release|Any CPU
		{5765DEE2-35DA-4AB2-B88D-E33EF9403FA7}.Debug|Any CPU.ActiveCfg = Debug|Any CPU
		{5765DEE2-35DA-4AB2-B88D-E33EF9403FA7}.Debug|Any CPU.Build.0 = Debug|Any CPU
		{5765DEE2-35DA-4AB2-B88D-E33EF9403FA7}.Release|Any CPU.ActiveCfg = Release|Any CPU
		{5765DEE2-35DA-4AB2-B88D-E33EF9403FA7}.Release|Any CPU.Build.0 = Release|Any CPU
		{AABAC083-29E6-4244-B4AA-59B5ABF60CC2}.Debug|Any CPU.ActiveCfg = Debug|Any CPU
		{AABAC083-29E6-4244-B4AA-59B5ABF60CC2}.Debug|Any CPU.Build.0 = Debug|Any CPU
		{AABAC083-29E6-4244-B4AA-59B5ABF60CC2}.Release|Any CPU.ActiveCfg = Release|Any CPU
		{AABAC083-29E6-4244-B4AA-59B5ABF60CC2}.Release|Any CPU.Build.0 = Release|Any CPU
		{87AE986B-5EFD-41E9-82BB-5E28E0669112}.Debug|Any CPU.ActiveCfg = Debug|Any CPU
		{87AE986B-5EFD-41E9-82BB-5E28E0669112}.Debug|Any CPU.Build.0 = Debug|Any CPU
		{87AE986B-5EFD-41E9-82BB-5E28E0669112}.Release|Any CPU.ActiveCfg = Release|Any CPU
		{87AE986B-5EFD-41E9-82BB-5E28E0669112}.Release|Any CPU.Build.0 = Release|Any CPU
		{29D368C3-103E-4353-92FB-55712E29FA39}.Debug|Any CPU.ActiveCfg = Debug|Any CPU
		{29D368C3-103E-4353-92FB-55712E29FA39}.Debug|Any CPU.Build.0 = Debug|Any CPU
		{29D368C3-103E-4353-92FB-55712E29FA39}.Release|Any CPU.ActiveCfg = Release|Any CPU
		{29D368C3-103E-4353-92FB-55712E29FA39}.Release|Any CPU.Build.0 = Release|Any CPU
		{41CC4504-B38E-4805-8360-0217B27B91D0}.Debug|Any CPU.ActiveCfg = Debug|Any CPU
		{41CC4504-B38E-4805-8360-0217B27B91D0}.Debug|Any CPU.Build.0 = Debug|Any CPU
		{41CC4504-B38E-4805-8360-0217B27B91D0}.Release|Any CPU.ActiveCfg = Release|Any CPU
		{41CC4504-B38E-4805-8360-0217B27B91D0}.Release|Any CPU.Build.0 = Release|Any CPU
		{D95B808E-839A-42D8-9C52-15049EE4D595}.Debug|Any CPU.ActiveCfg = Debug|Any CPU
		{D95B808E-839A-42D8-9C52-15049EE4D595}.Debug|Any CPU.Build.0 = Debug|Any CPU
		{D95B808E-839A-42D8-9C52-15049EE4D595}.Release|Any CPU.ActiveCfg = Release|Any CPU
		{D95B808E-839A-42D8-9C52-15049EE4D595}.Release|Any CPU.Build.0 = Release|Any CPU
		{EB9041EA-A6D3-4BAE-A802-3951B8B619DE}.Debug|Any CPU.ActiveCfg = Debug|Any CPU
		{EB9041EA-A6D3-4BAE-A802-3951B8B619DE}.Debug|Any CPU.Build.0 = Debug|Any CPU
		{EB9041EA-A6D3-4BAE-A802-3951B8B619DE}.Release|Any CPU.ActiveCfg = Release|Any CPU
		{EB9041EA-A6D3-4BAE-A802-3951B8B619DE}.Release|Any CPU.Build.0 = Release|Any CPU
		{44B0C181-2BD2-46BC-A6FD-AF0479A4F9BF}.Debug|Any CPU.ActiveCfg = Debug|Any CPU
		{44B0C181-2BD2-46BC-A6FD-AF0479A4F9BF}.Debug|Any CPU.Build.0 = Debug|Any CPU
		{44B0C181-2BD2-46BC-A6FD-AF0479A4F9BF}.Release|Any CPU.ActiveCfg = Release|Any CPU
		{44B0C181-2BD2-46BC-A6FD-AF0479A4F9BF}.Release|Any CPU.Build.0 = Release|Any CPU
		{9DA24BC8-D975-4464-8BC9-D5E6482DF0F7}.Debug|Any CPU.ActiveCfg = Debug|Any CPU
		{9DA24BC8-D975-4464-8BC9-D5E6482DF0F7}.Debug|Any CPU.Build.0 = Debug|Any CPU
		{9DA24BC8-D975-4464-8BC9-D5E6482DF0F7}.Release|Any CPU.ActiveCfg = Release|Any CPU
		{9DA24BC8-D975-4464-8BC9-D5E6482DF0F7}.Release|Any CPU.Build.0 = Release|Any CPU
		{1DA8A822-84A3-4558-A9EA-497A28A05691}.Debug|Any CPU.ActiveCfg = Debug|Any CPU
		{1DA8A822-84A3-4558-A9EA-497A28A05691}.Debug|Any CPU.Build.0 = Debug|Any CPU
		{1DA8A822-84A3-4558-A9EA-497A28A05691}.Release|Any CPU.ActiveCfg = Release|Any CPU
		{1DA8A822-84A3-4558-A9EA-497A28A05691}.Release|Any CPU.Build.0 = Release|Any CPU
		{2919C89D-778D-453F-8E07-572BDD9F5659}.Debug|Any CPU.ActiveCfg = Debug|Any CPU
		{2919C89D-778D-453F-8E07-572BDD9F5659}.Debug|Any CPU.Build.0 = Debug|Any CPU
		{2919C89D-778D-453F-8E07-572BDD9F5659}.Release|Any CPU.ActiveCfg = Release|Any CPU
		{2919C89D-778D-453F-8E07-572BDD9F5659}.Release|Any CPU.Build.0 = Release|Any CPU
		{9778DD1C-0E1A-4362-95B3-B77814FDFDF2}.Debug|Any CPU.ActiveCfg = Debug|Any CPU
		{9778DD1C-0E1A-4362-95B3-B77814FDFDF2}.Debug|Any CPU.Build.0 = Debug|Any CPU
		{9778DD1C-0E1A-4362-95B3-B77814FDFDF2}.Release|Any CPU.ActiveCfg = Release|Any CPU
		{9778DD1C-0E1A-4362-95B3-B77814FDFDF2}.Release|Any CPU.Build.0 = Release|Any CPU
		{A792DE59-A61F-4FE3-8CE0-4328061C81E1}.Debug|Any CPU.ActiveCfg = Debug|Any CPU
		{A792DE59-A61F-4FE3-8CE0-4328061C81E1}.Debug|Any CPU.Build.0 = Debug|Any CPU
		{A792DE59-A61F-4FE3-8CE0-4328061C81E1}.Release|Any CPU.ActiveCfg = Release|Any CPU
		{A792DE59-A61F-4FE3-8CE0-4328061C81E1}.Release|Any CPU.Build.0 = Release|Any CPU
		{D570C1B2-AEEA-44FD-A573-E739307C3875}.Debug|Any CPU.ActiveCfg = Debug|Any CPU
		{D570C1B2-AEEA-44FD-A573-E739307C3875}.Debug|Any CPU.Build.0 = Debug|Any CPU
		{D570C1B2-AEEA-44FD-A573-E739307C3875}.Release|Any CPU.ActiveCfg = Release|Any CPU
		{D570C1B2-AEEA-44FD-A573-E739307C3875}.Release|Any CPU.Build.0 = Release|Any CPU
		{5368E104-EDAD-4D48-AE7E-7EF94D99D4D1}.Debug|Any CPU.ActiveCfg = Debug|Any CPU
		{5368E104-EDAD-4D48-AE7E-7EF94D99D4D1}.Debug|Any CPU.Build.0 = Debug|Any CPU
		{5368E104-EDAD-4D48-AE7E-7EF94D99D4D1}.Release|Any CPU.ActiveCfg = Release|Any CPU
		{5368E104-EDAD-4D48-AE7E-7EF94D99D4D1}.Release|Any CPU.Build.0 = Release|Any CPU
		{2E068D28-DD9E-4998-B201-168E0350BE1E}.Debug|Any CPU.ActiveCfg = Debug|Any CPU
		{2E068D28-DD9E-4998-B201-168E0350BE1E}.Debug|Any CPU.Build.0 = Debug|Any CPU
		{2E068D28-DD9E-4998-B201-168E0350BE1E}.Release|Any CPU.ActiveCfg = Release|Any CPU
		{2E068D28-DD9E-4998-B201-168E0350BE1E}.Release|Any CPU.Build.0 = Release|Any CPU
		{0C7E0AFE-1E5C-44FC-AB3F-15707E08EED7}.Debug|Any CPU.ActiveCfg = Debug|Any CPU
		{0C7E0AFE-1E5C-44FC-AB3F-15707E08EED7}.Debug|Any CPU.Build.0 = Debug|Any CPU
		{0C7E0AFE-1E5C-44FC-AB3F-15707E08EED7}.Release|Any CPU.ActiveCfg = Release|Any CPU
		{0C7E0AFE-1E5C-44FC-AB3F-15707E08EED7}.Release|Any CPU.Build.0 = Release|Any CPU
		{C7E00464-29FA-450A-9C8E-BD84D0984543}.Debug|Any CPU.ActiveCfg = Debug|Any CPU
		{C7E00464-29FA-450A-9C8E-BD84D0984543}.Debug|Any CPU.Build.0 = Debug|Any CPU
		{C7E00464-29FA-450A-9C8E-BD84D0984543}.Release|Any CPU.ActiveCfg = Release|Any CPU
		{C7E00464-29FA-450A-9C8E-BD84D0984543}.Release|Any CPU.Build.0 = Release|Any CPU
		{844C0E9D-9543-4DC5-B70B-645C3B4202D7}.Debug|Any CPU.ActiveCfg = Debug|Any CPU
		{844C0E9D-9543-4DC5-B70B-645C3B4202D7}.Debug|Any CPU.Build.0 = Debug|Any CPU
		{844C0E9D-9543-4DC5-B70B-645C3B4202D7}.Release|Any CPU.ActiveCfg = Release|Any CPU
		{844C0E9D-9543-4DC5-B70B-645C3B4202D7}.Release|Any CPU.Build.0 = Release|Any CPU
		{312787C2-95E2-486D-9F96-50CCA4A39E26}.Debug|Any CPU.ActiveCfg = Debug|Any CPU
		{312787C2-95E2-486D-9F96-50CCA4A39E26}.Debug|Any CPU.Build.0 = Debug|Any CPU
		{312787C2-95E2-486D-9F96-50CCA4A39E26}.Release|Any CPU.ActiveCfg = Release|Any CPU
		{312787C2-95E2-486D-9F96-50CCA4A39E26}.Release|Any CPU.Build.0 = Release|Any CPU
		{614B3530-19A0-401A-B32A-78BB9FEC68C5}.Debug|Any CPU.ActiveCfg = Debug|Any CPU
		{614B3530-19A0-401A-B32A-78BB9FEC68C5}.Debug|Any CPU.Build.0 = Debug|Any CPU
		{614B3530-19A0-401A-B32A-78BB9FEC68C5}.Release|Any CPU.ActiveCfg = Release|Any CPU
		{614B3530-19A0-401A-B32A-78BB9FEC68C5}.Release|Any CPU.Build.0 = Release|Any CPU
		{038981B5-13E4-4F97-9340-F8126DE011C1}.Debug|Any CPU.ActiveCfg = Debug|Any CPU
		{038981B5-13E4-4F97-9340-F8126DE011C1}.Debug|Any CPU.Build.0 = Debug|Any CPU
		{038981B5-13E4-4F97-9340-F8126DE011C1}.Release|Any CPU.ActiveCfg = Release|Any CPU
		{038981B5-13E4-4F97-9340-F8126DE011C1}.Release|Any CPU.Build.0 = Release|Any CPU
		{BB4BEE14-81BB-407D-9113-F5EECB66C763}.Debug|Any CPU.ActiveCfg = Debug|Any CPU
		{BB4BEE14-81BB-407D-9113-F5EECB66C763}.Debug|Any CPU.Build.0 = Debug|Any CPU
		{BB4BEE14-81BB-407D-9113-F5EECB66C763}.Release|Any CPU.ActiveCfg = Release|Any CPU
		{BB4BEE14-81BB-407D-9113-F5EECB66C763}.Release|Any CPU.Build.0 = Release|Any CPU
		{47D748D6-00E0-4341-B147-0DA9D85646D2}.Debug|Any CPU.ActiveCfg = Debug|Any CPU
		{47D748D6-00E0-4341-B147-0DA9D85646D2}.Debug|Any CPU.Build.0 = Debug|Any CPU
		{47D748D6-00E0-4341-B147-0DA9D85646D2}.Release|Any CPU.ActiveCfg = Release|Any CPU
		{47D748D6-00E0-4341-B147-0DA9D85646D2}.Release|Any CPU.Build.0 = Release|Any CPU
		{2BB2AF4B-A104-4098-B76B-BC34BC306396}.Debug|Any CPU.ActiveCfg = Debug|Any CPU
		{2BB2AF4B-A104-4098-B76B-BC34BC306396}.Debug|Any CPU.Build.0 = Debug|Any CPU
		{2BB2AF4B-A104-4098-B76B-BC34BC306396}.Release|Any CPU.ActiveCfg = Release|Any CPU
		{2BB2AF4B-A104-4098-B76B-BC34BC306396}.Release|Any CPU.Build.0 = Release|Any CPU
		{5A889E3A-FCB1-436A-90CA-5DD15FDF5AB3}.Debug|Any CPU.ActiveCfg = Debug|Any CPU
		{5A889E3A-FCB1-436A-90CA-5DD15FDF5AB3}.Debug|Any CPU.Build.0 = Debug|Any CPU
		{5A889E3A-FCB1-436A-90CA-5DD15FDF5AB3}.Release|Any CPU.ActiveCfg = Release|Any CPU
		{5A889E3A-FCB1-436A-90CA-5DD15FDF5AB3}.Release|Any CPU.Build.0 = Release|Any CPU
		{92A6282E-A9A3-455C-97E8-32D60FBB638A}.Debug|Any CPU.ActiveCfg = Debug|Any CPU
		{92A6282E-A9A3-455C-97E8-32D60FBB638A}.Debug|Any CPU.Build.0 = Debug|Any CPU
		{92A6282E-A9A3-455C-97E8-32D60FBB638A}.Release|Any CPU.ActiveCfg = Release|Any CPU
		{92A6282E-A9A3-455C-97E8-32D60FBB638A}.Release|Any CPU.Build.0 = Release|Any CPU
		{927F792C-7C1D-4A44-826A-E722F86392DE}.Debug|Any CPU.ActiveCfg = Debug|Any CPU
		{927F792C-7C1D-4A44-826A-E722F86392DE}.Debug|Any CPU.Build.0 = Debug|Any CPU
		{927F792C-7C1D-4A44-826A-E722F86392DE}.Release|Any CPU.ActiveCfg = Release|Any CPU
		{927F792C-7C1D-4A44-826A-E722F86392DE}.Release|Any CPU.Build.0 = Release|Any CPU
		{2DA0D8F9-AFF7-4908-88B9-96ED575C7366}.Debug|Any CPU.ActiveCfg = Debug|Any CPU
		{2DA0D8F9-AFF7-4908-88B9-96ED575C7366}.Debug|Any CPU.Build.0 = Debug|Any CPU
		{2DA0D8F9-AFF7-4908-88B9-96ED575C7366}.Release|Any CPU.ActiveCfg = Release|Any CPU
		{2DA0D8F9-AFF7-4908-88B9-96ED575C7366}.Release|Any CPU.Build.0 = Release|Any CPU
		{9A5B3AD2-D140-4277-AC99-5901E7357EE0}.Debug|Any CPU.ActiveCfg = Debug|Any CPU
		{9A5B3AD2-D140-4277-AC99-5901E7357EE0}.Debug|Any CPU.Build.0 = Debug|Any CPU
		{9A5B3AD2-D140-4277-AC99-5901E7357EE0}.Release|Any CPU.ActiveCfg = Release|Any CPU
		{9A5B3AD2-D140-4277-AC99-5901E7357EE0}.Release|Any CPU.Build.0 = Release|Any CPU
		{6D211EB1-B115-4C22-B8C0-1F70A04C26F3}.Debug|Any CPU.ActiveCfg = Debug|Any CPU
		{6D211EB1-B115-4C22-B8C0-1F70A04C26F3}.Debug|Any CPU.Build.0 = Debug|Any CPU
		{6D211EB1-B115-4C22-B8C0-1F70A04C26F3}.Release|Any CPU.ActiveCfg = Release|Any CPU
		{6D211EB1-B115-4C22-B8C0-1F70A04C26F3}.Release|Any CPU.Build.0 = Release|Any CPU
		{599BF7D9-49CE-452C-BAA0-9C6D6F3D9ABC}.Debug|Any CPU.ActiveCfg = Debug|Any CPU
		{599BF7D9-49CE-452C-BAA0-9C6D6F3D9ABC}.Debug|Any CPU.Build.0 = Debug|Any CPU
		{599BF7D9-49CE-452C-BAA0-9C6D6F3D9ABC}.Release|Any CPU.ActiveCfg = Release|Any CPU
		{599BF7D9-49CE-452C-BAA0-9C6D6F3D9ABC}.Release|Any CPU.Build.0 = Release|Any CPU
		{173DDE0E-40FC-4030-BFCF-0185B24E4471}.Debug|Any CPU.ActiveCfg = Debug|Any CPU
		{173DDE0E-40FC-4030-BFCF-0185B24E4471}.Debug|Any CPU.Build.0 = Debug|Any CPU
		{173DDE0E-40FC-4030-BFCF-0185B24E4471}.Release|Any CPU.ActiveCfg = Release|Any CPU
		{173DDE0E-40FC-4030-BFCF-0185B24E4471}.Release|Any CPU.Build.0 = Release|Any CPU
		{44DEFDC7-2EF9-4E9A-ABE1-FABA9397F5CF}.Debug|Any CPU.ActiveCfg = Debug|Any CPU
		{44DEFDC7-2EF9-4E9A-ABE1-FABA9397F5CF}.Debug|Any CPU.Build.0 = Debug|Any CPU
		{44DEFDC7-2EF9-4E9A-ABE1-FABA9397F5CF}.Release|Any CPU.ActiveCfg = Release|Any CPU
		{44DEFDC7-2EF9-4E9A-ABE1-FABA9397F5CF}.Release|Any CPU.Build.0 = Release|Any CPU
		{994577FC-1594-4C42-8A89-C104436BDDC7}.Debug|Any CPU.ActiveCfg = Debug|Any CPU
		{994577FC-1594-4C42-8A89-C104436BDDC7}.Debug|Any CPU.Build.0 = Debug|Any CPU
		{994577FC-1594-4C42-8A89-C104436BDDC7}.Release|Any CPU.ActiveCfg = Release|Any CPU
		{994577FC-1594-4C42-8A89-C104436BDDC7}.Release|Any CPU.Build.0 = Release|Any CPU
		{4EC0A763-56D7-4A91-9837-1B0B3AC6A505}.Debug|Any CPU.ActiveCfg = Debug|Any CPU
		{4EC0A763-56D7-4A91-9837-1B0B3AC6A505}.Debug|Any CPU.Build.0 = Debug|Any CPU
		{4EC0A763-56D7-4A91-9837-1B0B3AC6A505}.Release|Any CPU.ActiveCfg = Release|Any CPU
		{4EC0A763-56D7-4A91-9837-1B0B3AC6A505}.Release|Any CPU.Build.0 = Release|Any CPU
		{5096D813-EFE3-4822-90DF-E0D400F92CB9}.Debug|Any CPU.ActiveCfg = Debug|Any CPU
		{5096D813-EFE3-4822-90DF-E0D400F92CB9}.Debug|Any CPU.Build.0 = Debug|Any CPU
		{5096D813-EFE3-4822-90DF-E0D400F92CB9}.Release|Any CPU.ActiveCfg = Release|Any CPU
		{5096D813-EFE3-4822-90DF-E0D400F92CB9}.Release|Any CPU.Build.0 = Release|Any CPU
		{A9ED0FB0-3A51-46B5-AB9A-6148478F8636}.Debug|Any CPU.ActiveCfg = Debug|Any CPU
		{A9ED0FB0-3A51-46B5-AB9A-6148478F8636}.Debug|Any CPU.Build.0 = Debug|Any CPU
		{A9ED0FB0-3A51-46B5-AB9A-6148478F8636}.Release|Any CPU.ActiveCfg = Release|Any CPU
		{A9ED0FB0-3A51-46B5-AB9A-6148478F8636}.Release|Any CPU.Build.0 = Release|Any CPU
		{3752EBFB-FD51-43C2-BF40-FC869A413FBD}.Debug|Any CPU.ActiveCfg = Debug|Any CPU
		{3752EBFB-FD51-43C2-BF40-FC869A413FBD}.Debug|Any CPU.Build.0 = Debug|Any CPU
		{3752EBFB-FD51-43C2-BF40-FC869A413FBD}.Release|Any CPU.ActiveCfg = Release|Any CPU
		{3752EBFB-FD51-43C2-BF40-FC869A413FBD}.Release|Any CPU.Build.0 = Release|Any CPU
		{9ED79882-95F8-4DD1-8FB7-784CE9A32D35}.Debug|Any CPU.ActiveCfg = Debug|Any CPU
		{9ED79882-95F8-4DD1-8FB7-784CE9A32D35}.Debug|Any CPU.Build.0 = Debug|Any CPU
		{9ED79882-95F8-4DD1-8FB7-784CE9A32D35}.Release|Any CPU.ActiveCfg = Release|Any CPU
		{9ED79882-95F8-4DD1-8FB7-784CE9A32D35}.Release|Any CPU.Build.0 = Release|Any CPU
		{AE213110-A9C1-49DC-852F-1C84FD292F4C}.Debug|Any CPU.ActiveCfg = Debug|Any CPU
		{AE213110-A9C1-49DC-852F-1C84FD292F4C}.Debug|Any CPU.Build.0 = Debug|Any CPU
		{AE213110-A9C1-49DC-852F-1C84FD292F4C}.Release|Any CPU.ActiveCfg = Release|Any CPU
		{AE213110-A9C1-49DC-852F-1C84FD292F4C}.Release|Any CPU.Build.0 = Release|Any CPU
		{9E4560CE-6B02-4E8A-930B-8C3BBA1E9E63}.Debug|Any CPU.ActiveCfg = Debug|Any CPU
		{9E4560CE-6B02-4E8A-930B-8C3BBA1E9E63}.Debug|Any CPU.Build.0 = Debug|Any CPU
		{9E4560CE-6B02-4E8A-930B-8C3BBA1E9E63}.Release|Any CPU.ActiveCfg = Release|Any CPU
		{9E4560CE-6B02-4E8A-930B-8C3BBA1E9E63}.Release|Any CPU.Build.0 = Release|Any CPU
		{C70DA329-655C-4EEA-88DF-D2BDCD358757}.Debug|Any CPU.ActiveCfg = Debug|Any CPU
		{C70DA329-655C-4EEA-88DF-D2BDCD358757}.Debug|Any CPU.Build.0 = Debug|Any CPU
		{C70DA329-655C-4EEA-88DF-D2BDCD358757}.Release|Any CPU.ActiveCfg = Release|Any CPU
		{C70DA329-655C-4EEA-88DF-D2BDCD358757}.Release|Any CPU.Build.0 = Release|Any CPU
		{0B75529B-57BA-480D-B506-A294D91AD206}.Debug|Any CPU.ActiveCfg = Debug|Any CPU
		{0B75529B-57BA-480D-B506-A294D91AD206}.Debug|Any CPU.Build.0 = Debug|Any CPU
		{0B75529B-57BA-480D-B506-A294D91AD206}.Release|Any CPU.ActiveCfg = Release|Any CPU
		{0B75529B-57BA-480D-B506-A294D91AD206}.Release|Any CPU.Build.0 = Release|Any CPU
	EndGlobalSection
	GlobalSection(SolutionProperties) = preSolution
		HideSolutionNode = FALSE
	EndGlobalSection
	GlobalSection(ExtensibilityGlobals) = postSolution
		SolutionGuid = {B81B6EF2-F22C-4633-AFC6-75D5E5FAAC2A}
	EndGlobalSection
EndGlobal
